Microsoft Visual Studio Solution File, Format Version 11.00
# Visual Studio 2010
Project("{2150E333-8FDC-42A3-9474-1A3956D46DE8}") = "AdminLayer", "AdminLayer", "{3B59E564-EEE8-40EC-85ED-FC5F221F0588}"
EndProject
Project("{2150E333-8FDC-42A3-9474-1A3956D46DE8}") = "BusinessLayer", "BusinessLayer", "{C2F288AD-66AB-436D-8DA8-F9117B6224A6}"
EndProject
Project("{2150E333-8FDC-42A3-9474-1A3956D46DE8}") = "PublicLayer", "PublicLayer", "{8905E9BE-186D-42D5-9696-0E3DBB70E0D9}"
EndProject
Project("{2150E333-8FDC-42A3-9474-1A3956D46DE8}") = "AssetSystem", "AssetSystem", "{5BF84023-0AE9-4247-8F40-9ED2706CC081}"
EndProject
Project("{2150E333-8FDC-42A3-9474-1A3956D46DE8}") = "ContentSystem", "ContentSystem", "{79A0B35D-8AA0-477B-96F4-91B2FEA1F30D}"
EndProject
Project("{2150E333-8FDC-42A3-9474-1A3956D46DE8}") = "MarketingSystem", "MarketingSystem", "{9C373E2D-D461-47B4-A7EA-65F009ADC0DB}"
EndProject
Project("{2150E333-8FDC-42A3-9474-1A3956D46DE8}") = "OrderSystem", "OrderSystem", "{C2D56921-5222-4D6D-8C41-A259FFCD6245}"
EndProject
Project("{2150E333-8FDC-42A3-9474-1A3956D46DE8}") = "Solution Items", "Solution Items", "{D2D1600F-DD81-4676-93F8-88DC8FF8911F}"
	ProjectSection(SolutionItems) = preProject
		eCommerce Framework 5.0 SDK.vsmdi = eCommerce Framework 5.0 SDK.vsmdi
		localtestrun.testrunconfig = localtestrun.testrunconfig
	EndProjectSection
EndProject
Project("{2150E333-8FDC-42A3-9474-1A3956D46DE8}") = "UnitTests", "UnitTests", "{31DFBD90-FAE3-40E0-A8F1-EBBDE2194383}"
EndProject
Project("{2150E333-8FDC-42A3-9474-1A3956D46DE8}") = "Search", "Search", "{25758256-3308-42CD-8697-BCF58615E447}"
EndProject
Project("{2150E333-8FDC-42A3-9474-1A3956D46DE8}") = "Service", "Service", "{BFEED0C0-9D2D-4C1B-8101-13D712E6E6FB}"
EndProject
Project("{FAE04EC0-301F-11D3-BF4B-00C04F79EFBC}") = "ConsoleLibrary", "AdminLayer\ConsoleLibrary\ConsoleLibrary.csproj", "{78A47E83-0EDA-4B8B-8D21-E769F52D9DA5}"
EndProject
Project("{FAE04EC0-301F-11D3-BF4B-00C04F79EFBC}") = "ConsoleManager", "AdminLayer\ConsoleManager\ConsoleManager.csproj", "{A35C48FB-0869-4893-A929-14B6C68795AA}"
EndProject
Project("{FAE04EC0-301F-11D3-BF4B-00C04F79EFBC}") = "CommerceLib", "BusinessLayer\CommerceLib\CommerceLib.csproj", "{B4B057C4-75A1-4CCD-93ED-09F554D8660F}"
EndProject
Project("{FAE04EC0-301F-11D3-BF4B-00C04F79EFBC}") = "AssetLibrary", "BusinessLayer\AssetSystem\AssetLibrary\AssetLibrary.csproj", "{43F68218-0064-466E-B654-37F3D79241F2}"
EndProject
Project("{FAE04EC0-301F-11D3-BF4B-00C04F79EFBC}") = "CmsLibrary", "BusinessLayer\ContentSystem\CmsLibrary\CmsLibrary.csproj", "{0C869D5B-A6B1-4C7E-BEFF-E4563F5F40BA}"
EndProject
Project("{FAE04EC0-301F-11D3-BF4B-00C04F79EFBC}") = "ExpressionEditor", "BusinessLayer\MarketingSystem\ExpressionEditor\ExpressionEditor.csproj", "{E67CD5BC-08F8-441A-A1F2-CC06C87E2AAA}"
EndProject
Project("{FAE04EC0-301F-11D3-BF4B-00C04F79EFBC}") = "MarketingRuleValidators", "BusinessLayer\MarketingSystem\MarketingRuleValidators\MarketingRuleValidators.csproj", "{3B0BF377-5DB3-4B88-A6DA-984C83E55CE1}"
EndProject
Project("{FAE04EC0-301F-11D3-BF4B-00C04F79EFBC}") = "OrderWorkflow", "BusinessLayer\OrderSystem\OrderSystemWorkflow\OrderWorkflow.csproj", "{BC8B0EE8-4A50-473F-9FD3-2F432707751B}"
EndProject
Project("{FAE04EC0-301F-11D3-BF4B-00C04F79EFBC}") = "PaymentGateways", "BusinessLayer\OrderSystem\PaymentGateways\PaymentGateways.csproj", "{F88E180B-4C64-4B45-9FE0-717322B567FA}"
EndProject
Project("{FAE04EC0-301F-11D3-BF4B-00C04F79EFBC}") = "ShippingGateways", "BusinessLayer\OrderSystem\ShippingGateways\ShippingGateways.csproj", "{E0C6B24A-DB28-44F9-9C33-666ACDAC8AD9}"
EndProject
Project("{FAE04EC0-301F-11D3-BF4B-00C04F79EFBC}") = "ActivityLibrary", "BusinessLayer\ActivityLibrary\ActivityLibrary.csproj", "{72EBBDC7-A5C2-4A3F-9A16-4B048387479E}"
EndProject
Project("{FAE04EC0-301F-11D3-BF4B-00C04F79EFBC}") = "FrontEnd", "PublicLayer\FrontEnd\FrontEnd.csproj", "{B39F95FE-581D-4C22-8E91-6B0F36CD792E}"
EndProject
Project("{FAE04EC0-301F-11D3-BF4B-00C04F79EFBC}") = "WebUtility", "PublicLayer\WebUtility\WebUtility.csproj", "{3983BF32-EB5B-4B1A-AD8C-5CE3A26F8271}"
EndProject
Project("{FAE04EC0-301F-11D3-BF4B-00C04F79EFBC}") = "CommerceLibTest", "Tests\UnitTests\CommerceLibTests\CommerceLibTest.csproj", "{63AA0774-54AC-4CD0-BDE9-0FC21573F425}"
EndProject
Project("{FAE04EC0-301F-11D3-BF4B-00C04F79EFBC}") = "IntegrationTest", "Tests\UnitTests\IntegrationTest\IntegrationTest.csproj", "{F1ACB69A-F77C-4C8A-8C74-B59F1CC85717}"
EndProject
Project("{FAE04EC0-301F-11D3-BF4B-00C04F79EFBC}") = "IntegrationService", "AdminLayer\CommerceService\IntegrationService.csproj", "{CDB5FCDE-7B4E-4745-A9DF-00955B2DA3E6}"
EndProject
Project("{FAE04EC0-301F-11D3-BF4B-00C04F79EFBC}") = "MediachaseSearch", "BusinessLayer\Search\MediachaseSearch\MediachaseSearch.csproj", "{75017C03-AB25-47E4-9B54-B37BDFC65882}"
EndProject
Project("{FAE04EC0-301F-11D3-BF4B-00C04F79EFBC}") = "SearchExtensions", "BusinessLayer\Search\SearchExtensions\SearchExtensions.csproj", "{CA13D371-4A42-4D19-B351-D32D3B7DE97D}"
EndProject
Project("{FAE04EC0-301F-11D3-BF4B-00C04F79EFBC}") = "AmazonProviders", "BusinessLayer\AssetSystem\AmazonProviders\AmazonProviders.csproj", "{2090A106-A350-415A-8728-A930EF9DFAB7}"
EndProject
Project("{FAE04EC0-301F-11D3-BF4B-00C04F79EFBC}") = "SearchIndexJob", "BusinessLayer\Search\SearchIndexJob\SearchIndexJob.csproj", "{D35A7205-2532-4637-8609-074891483EA5}"
EndProject
Project("{FAE04EC0-301F-11D3-BF4B-00C04F79EFBC}") = "RotateEncryptionJob", "BusinessLayer\RotateEncryptionJob\RotateEncryptionJob.csproj", "{CECE0394-6BDE-4C82-A836-689DE8089273}"
EndProject
Project("{FAE04EC0-301F-11D3-BF4B-00C04F79EFBC}") = "PaymentPlanJob", "BusinessLayer\Service\PaymentPlanJob\PaymentPlanJob.csproj", "{9F190320-E10A-4F20-84B4-44D31EC4F5E8}"
EndProject
Project("{FAE04EC0-301F-11D3-BF4B-00C04F79EFBC}") = "RemoveExpiredPromoReservationsJob", "BusinessLayer\Service\MarketingRemoveReservationsJob\RemoveExpiredPromoReservationsJob.csproj", "{25757CC7-393D-4400-8E92-16233ECF4039}"
EndProject
Project("{FAE04EC0-301F-11D3-BF4B-00C04F79EFBC}") = "NWTD", "NWTD\NWTD.csproj", "{C88C7319-DFC0-451D-91FE-E5FEC3A7DA1A}"
EndProject
Project("{FAE04EC0-301F-11D3-BF4B-00C04F79EFBC}") = "OakTree.Web.UI", "oaktree.web.ui\OakTree.Web.UI.csproj", "{FDAAA769-320A-4184-A82A-005AA394EDFA}"
EndProject
Global
	GlobalSection(TestCaseManagementSettings) = postSolution
		CategoryFile = eCommerce Framework 5.0 SDK.vsmdi
	EndGlobalSection
	GlobalSection(SolutionConfigurationPlatforms) = preSolution
		Debug|Any CPU = Debug|Any CPU
		Release|Any CPU = Release|Any CPU
		Test|Any CPU = Test|Any CPU
	EndGlobalSection
	GlobalSection(ProjectConfigurationPlatforms) = postSolution
		{78A47E83-0EDA-4B8B-8D21-E769F52D9DA5}.Debug|Any CPU.ActiveCfg = Debug|Any CPU
		{78A47E83-0EDA-4B8B-8D21-E769F52D9DA5}.Debug|Any CPU.Build.0 = Debug|Any CPU
		{78A47E83-0EDA-4B8B-8D21-E769F52D9DA5}.Release|Any CPU.ActiveCfg = Release|Any CPU
		{78A47E83-0EDA-4B8B-8D21-E769F52D9DA5}.Release|Any CPU.Build.0 = Release|Any CPU
		{78A47E83-0EDA-4B8B-8D21-E769F52D9DA5}.Test|Any CPU.ActiveCfg = Debug|Any CPU
		{78A47E83-0EDA-4B8B-8D21-E769F52D9DA5}.Test|Any CPU.Build.0 = Debug|Any CPU
		{A35C48FB-0869-4893-A929-14B6C68795AA}.Debug|Any CPU.ActiveCfg = Debug|Any CPU
		{A35C48FB-0869-4893-A929-14B6C68795AA}.Debug|Any CPU.Build.0 = Debug|Any CPU
		{A35C48FB-0869-4893-A929-14B6C68795AA}.Release|Any CPU.ActiveCfg = Release|Any CPU
		{A35C48FB-0869-4893-A929-14B6C68795AA}.Release|Any CPU.Build.0 = Release|Any CPU
		{A35C48FB-0869-4893-A929-14B6C68795AA}.Test|Any CPU.ActiveCfg = Debug|Any CPU
		{A35C48FB-0869-4893-A929-14B6C68795AA}.Test|Any CPU.Build.0 = Debug|Any CPU
		{B4B057C4-75A1-4CCD-93ED-09F554D8660F}.Debug|Any CPU.ActiveCfg = Debug|Any CPU
		{B4B057C4-75A1-4CCD-93ED-09F554D8660F}.Debug|Any CPU.Build.0 = Debug|Any CPU
		{B4B057C4-75A1-4CCD-93ED-09F554D8660F}.Release|Any CPU.ActiveCfg = Release|Any CPU
		{B4B057C4-75A1-4CCD-93ED-09F554D8660F}.Release|Any CPU.Build.0 = Release|Any CPU
		{B4B057C4-75A1-4CCD-93ED-09F554D8660F}.Test|Any CPU.ActiveCfg = Debug|Any CPU
		{B4B057C4-75A1-4CCD-93ED-09F554D8660F}.Test|Any CPU.Build.0 = Debug|Any CPU
		{43F68218-0064-466E-B654-37F3D79241F2}.Debug|Any CPU.ActiveCfg = Debug|Any CPU
		{43F68218-0064-466E-B654-37F3D79241F2}.Debug|Any CPU.Build.0 = Debug|Any CPU
		{43F68218-0064-466E-B654-37F3D79241F2}.Release|Any CPU.ActiveCfg = Release|Any CPU
		{43F68218-0064-466E-B654-37F3D79241F2}.Release|Any CPU.Build.0 = Release|Any CPU
		{43F68218-0064-466E-B654-37F3D79241F2}.Test|Any CPU.ActiveCfg = Debug|Any CPU
		{43F68218-0064-466E-B654-37F3D79241F2}.Test|Any CPU.Build.0 = Debug|Any CPU
		{0C869D5B-A6B1-4C7E-BEFF-E4563F5F40BA}.Debug|Any CPU.ActiveCfg = Debug|Any CPU
		{0C869D5B-A6B1-4C7E-BEFF-E4563F5F40BA}.Debug|Any CPU.Build.0 = Debug|Any CPU
		{0C869D5B-A6B1-4C7E-BEFF-E4563F5F40BA}.Release|Any CPU.ActiveCfg = Release|Any CPU
		{0C869D5B-A6B1-4C7E-BEFF-E4563F5F40BA}.Release|Any CPU.Build.0 = Release|Any CPU
		{0C869D5B-A6B1-4C7E-BEFF-E4563F5F40BA}.Test|Any CPU.ActiveCfg = Debug|Any CPU
		{0C869D5B-A6B1-4C7E-BEFF-E4563F5F40BA}.Test|Any CPU.Build.0 = Debug|Any CPU
		{E67CD5BC-08F8-441A-A1F2-CC06C87E2AAA}.Debug|Any CPU.ActiveCfg = Debug|Any CPU
		{E67CD5BC-08F8-441A-A1F2-CC06C87E2AAA}.Debug|Any CPU.Build.0 = Debug|Any CPU
		{E67CD5BC-08F8-441A-A1F2-CC06C87E2AAA}.Release|Any CPU.ActiveCfg = Release|Any CPU
		{E67CD5BC-08F8-441A-A1F2-CC06C87E2AAA}.Release|Any CPU.Build.0 = Release|Any CPU
		{E67CD5BC-08F8-441A-A1F2-CC06C87E2AAA}.Test|Any CPU.ActiveCfg = Debug|Any CPU
		{E67CD5BC-08F8-441A-A1F2-CC06C87E2AAA}.Test|Any CPU.Build.0 = Debug|Any CPU
		{3B0BF377-5DB3-4B88-A6DA-984C83E55CE1}.Debug|Any CPU.ActiveCfg = Debug|Any CPU
		{3B0BF377-5DB3-4B88-A6DA-984C83E55CE1}.Debug|Any CPU.Build.0 = Debug|Any CPU
		{3B0BF377-5DB3-4B88-A6DA-984C83E55CE1}.Release|Any CPU.ActiveCfg = Release|Any CPU
		{3B0BF377-5DB3-4B88-A6DA-984C83E55CE1}.Release|Any CPU.Build.0 = Release|Any CPU
		{3B0BF377-5DB3-4B88-A6DA-984C83E55CE1}.Test|Any CPU.ActiveCfg = Debug|Any CPU
		{3B0BF377-5DB3-4B88-A6DA-984C83E55CE1}.Test|Any CPU.Build.0 = Debug|Any CPU
		{BC8B0EE8-4A50-473F-9FD3-2F432707751B}.Debug|Any CPU.ActiveCfg = Debug|Any CPU
		{BC8B0EE8-4A50-473F-9FD3-2F432707751B}.Debug|Any CPU.Build.0 = Debug|Any CPU
		{BC8B0EE8-4A50-473F-9FD3-2F432707751B}.Release|Any CPU.ActiveCfg = Release|Any CPU
		{BC8B0EE8-4A50-473F-9FD3-2F432707751B}.Release|Any CPU.Build.0 = Release|Any CPU
		{BC8B0EE8-4A50-473F-9FD3-2F432707751B}.Test|Any CPU.ActiveCfg = Debug|Any CPU
		{BC8B0EE8-4A50-473F-9FD3-2F432707751B}.Test|Any CPU.Build.0 = Debug|Any CPU
		{F88E180B-4C64-4B45-9FE0-717322B567FA}.Debug|Any CPU.ActiveCfg = Debug|Any CPU
		{F88E180B-4C64-4B45-9FE0-717322B567FA}.Debug|Any CPU.Build.0 = Debug|Any CPU
		{F88E180B-4C64-4B45-9FE0-717322B567FA}.Release|Any CPU.ActiveCfg = Release|Any CPU
		{F88E180B-4C64-4B45-9FE0-717322B567FA}.Release|Any CPU.Build.0 = Release|Any CPU
		{F88E180B-4C64-4B45-9FE0-717322B567FA}.Test|Any CPU.ActiveCfg = Debug|Any CPU
		{F88E180B-4C64-4B45-9FE0-717322B567FA}.Test|Any CPU.Build.0 = Debug|Any CPU
		{E0C6B24A-DB28-44F9-9C33-666ACDAC8AD9}.Debug|Any CPU.ActiveCfg = Debug|Any CPU
		{E0C6B24A-DB28-44F9-9C33-666ACDAC8AD9}.Debug|Any CPU.Build.0 = Debug|Any CPU
		{E0C6B24A-DB28-44F9-9C33-666ACDAC8AD9}.Release|Any CPU.ActiveCfg = Release|Any CPU
		{E0C6B24A-DB28-44F9-9C33-666ACDAC8AD9}.Release|Any CPU.Build.0 = Release|Any CPU
		{E0C6B24A-DB28-44F9-9C33-666ACDAC8AD9}.Test|Any CPU.ActiveCfg = Debug|Any CPU
		{E0C6B24A-DB28-44F9-9C33-666ACDAC8AD9}.Test|Any CPU.Build.0 = Debug|Any CPU
		{72EBBDC7-A5C2-4A3F-9A16-4B048387479E}.Debug|Any CPU.ActiveCfg = Debug|Any CPU
		{72EBBDC7-A5C2-4A3F-9A16-4B048387479E}.Debug|Any CPU.Build.0 = Debug|Any CPU
		{72EBBDC7-A5C2-4A3F-9A16-4B048387479E}.Release|Any CPU.ActiveCfg = Release|Any CPU
		{72EBBDC7-A5C2-4A3F-9A16-4B048387479E}.Release|Any CPU.Build.0 = Release|Any CPU
		{72EBBDC7-A5C2-4A3F-9A16-4B048387479E}.Test|Any CPU.ActiveCfg = Debug|Any CPU
		{72EBBDC7-A5C2-4A3F-9A16-4B048387479E}.Test|Any CPU.Build.0 = Debug|Any CPU
		{B39F95FE-581D-4C22-8E91-6B0F36CD792E}.Debug|Any CPU.ActiveCfg = Debug|Any CPU
		{B39F95FE-581D-4C22-8E91-6B0F36CD792E}.Debug|Any CPU.Build.0 = Debug|Any CPU
		{B39F95FE-581D-4C22-8E91-6B0F36CD792E}.Release|Any CPU.ActiveCfg = Release|Any CPU
		{B39F95FE-581D-4C22-8E91-6B0F36CD792E}.Release|Any CPU.Build.0 = Release|Any CPU
		{B39F95FE-581D-4C22-8E91-6B0F36CD792E}.Test|Any CPU.ActiveCfg = Debug|Any CPU
		{B39F95FE-581D-4C22-8E91-6B0F36CD792E}.Test|Any CPU.Build.0 = Debug|Any CPU
		{3983BF32-EB5B-4B1A-AD8C-5CE3A26F8271}.Debug|Any CPU.ActiveCfg = Debug|Any CPU
		{3983BF32-EB5B-4B1A-AD8C-5CE3A26F8271}.Debug|Any CPU.Build.0 = Debug|Any CPU
		{3983BF32-EB5B-4B1A-AD8C-5CE3A26F8271}.Release|Any CPU.ActiveCfg = Release|Any CPU
		{3983BF32-EB5B-4B1A-AD8C-5CE3A26F8271}.Release|Any CPU.Build.0 = Release|Any CPU
		{3983BF32-EB5B-4B1A-AD8C-5CE3A26F8271}.Test|Any CPU.ActiveCfg = Debug|Any CPU
		{3983BF32-EB5B-4B1A-AD8C-5CE3A26F8271}.Test|Any CPU.Build.0 = Debug|Any CPU
		{63AA0774-54AC-4CD0-BDE9-0FC21573F425}.Debug|Any CPU.ActiveCfg = Debug|Any CPU
		{63AA0774-54AC-4CD0-BDE9-0FC21573F425}.Release|Any CPU.ActiveCfg = Release|Any CPU
		{63AA0774-54AC-4CD0-BDE9-0FC21573F425}.Test|Any CPU.ActiveCfg = Debug|Any CPU
		{63AA0774-54AC-4CD0-BDE9-0FC21573F425}.Test|Any CPU.Build.0 = Debug|Any CPU
		{F1ACB69A-F77C-4C8A-8C74-B59F1CC85717}.Debug|Any CPU.ActiveCfg = Debug|Any CPU
		{F1ACB69A-F77C-4C8A-8C74-B59F1CC85717}.Release|Any CPU.ActiveCfg = Release|Any CPU
		{F1ACB69A-F77C-4C8A-8C74-B59F1CC85717}.Test|Any CPU.ActiveCfg = Debug|Any CPU
		{F1ACB69A-F77C-4C8A-8C74-B59F1CC85717}.Test|Any CPU.Build.0 = Debug|Any CPU
		{CDB5FCDE-7B4E-4745-A9DF-00955B2DA3E6}.Debug|Any CPU.ActiveCfg = Debug|Any CPU
		{CDB5FCDE-7B4E-4745-A9DF-00955B2DA3E6}.Debug|Any CPU.Build.0 = Debug|Any CPU
		{CDB5FCDE-7B4E-4745-A9DF-00955B2DA3E6}.Release|Any CPU.ActiveCfg = Release|Any CPU
		{CDB5FCDE-7B4E-4745-A9DF-00955B2DA3E6}.Release|Any CPU.Build.0 = Release|Any CPU
		{CDB5FCDE-7B4E-4745-A9DF-00955B2DA3E6}.Test|Any CPU.ActiveCfg = Debug|Any CPU
		{CDB5FCDE-7B4E-4745-A9DF-00955B2DA3E6}.Test|Any CPU.Build.0 = Debug|Any CPU
		{75017C03-AB25-47E4-9B54-B37BDFC65882}.Debug|Any CPU.ActiveCfg = Debug|Any CPU
		{75017C03-AB25-47E4-9B54-B37BDFC65882}.Debug|Any CPU.Build.0 = Debug|Any CPU
		{75017C03-AB25-47E4-9B54-B37BDFC65882}.Release|Any CPU.ActiveCfg = Release|Any CPU
		{75017C03-AB25-47E4-9B54-B37BDFC65882}.Release|Any CPU.Build.0 = Release|Any CPU
		{75017C03-AB25-47E4-9B54-B37BDFC65882}.Test|Any CPU.ActiveCfg = Debug|Any CPU
		{75017C03-AB25-47E4-9B54-B37BDFC65882}.Test|Any CPU.Build.0 = Debug|Any CPU
		{CA13D371-4A42-4D19-B351-D32D3B7DE97D}.Debug|Any CPU.ActiveCfg = Debug|Any CPU
		{CA13D371-4A42-4D19-B351-D32D3B7DE97D}.Debug|Any CPU.Build.0 = Debug|Any CPU
		{CA13D371-4A42-4D19-B351-D32D3B7DE97D}.Release|Any CPU.ActiveCfg = Release|Any CPU
		{CA13D371-4A42-4D19-B351-D32D3B7DE97D}.Release|Any CPU.Build.0 = Release|Any CPU
		{CA13D371-4A42-4D19-B351-D32D3B7DE97D}.Test|Any CPU.ActiveCfg = Debug|Any CPU
		{CA13D371-4A42-4D19-B351-D32D3B7DE97D}.Test|Any CPU.Build.0 = Debug|Any CPU
		{2090A106-A350-415A-8728-A930EF9DFAB7}.Debug|Any CPU.ActiveCfg = Debug|Any CPU
		{2090A106-A350-415A-8728-A930EF9DFAB7}.Debug|Any CPU.Build.0 = Debug|Any CPU
		{2090A106-A350-415A-8728-A930EF9DFAB7}.Release|Any CPU.ActiveCfg = Release|Any CPU
		{2090A106-A350-415A-8728-A930EF9DFAB7}.Release|Any CPU.Build.0 = Release|Any CPU
		{2090A106-A350-415A-8728-A930EF9DFAB7}.Test|Any CPU.ActiveCfg = Debug|Any CPU
		{2090A106-A350-415A-8728-A930EF9DFAB7}.Test|Any CPU.Build.0 = Debug|Any CPU
		{D35A7205-2532-4637-8609-074891483EA5}.Debug|Any CPU.ActiveCfg = Debug|Any CPU
		{D35A7205-2532-4637-8609-074891483EA5}.Debug|Any CPU.Build.0 = Debug|Any CPU
		{D35A7205-2532-4637-8609-074891483EA5}.Release|Any CPU.ActiveCfg = Release|Any CPU
		{D35A7205-2532-4637-8609-074891483EA5}.Release|Any CPU.Build.0 = Release|Any CPU
		{D35A7205-2532-4637-8609-074891483EA5}.Test|Any CPU.ActiveCfg = Debug|Any CPU
		{D35A7205-2532-4637-8609-074891483EA5}.Test|Any CPU.Build.0 = Debug|Any CPU
		{CECE0394-6BDE-4C82-A836-689DE8089273}.Debug|Any CPU.ActiveCfg = Debug|Any CPU
		{CECE0394-6BDE-4C82-A836-689DE8089273}.Debug|Any CPU.Build.0 = Debug|Any CPU
		{CECE0394-6BDE-4C82-A836-689DE8089273}.Release|Any CPU.ActiveCfg = Release|Any CPU
		{CECE0394-6BDE-4C82-A836-689DE8089273}.Release|Any CPU.Build.0 = Release|Any CPU
		{CECE0394-6BDE-4C82-A836-689DE8089273}.Test|Any CPU.ActiveCfg = Debug|Any CPU
		{CECE0394-6BDE-4C82-A836-689DE8089273}.Test|Any CPU.Build.0 = Debug|Any CPU
		{9F190320-E10A-4F20-84B4-44D31EC4F5E8}.Debug|Any CPU.ActiveCfg = Debug|Any CPU
		{9F190320-E10A-4F20-84B4-44D31EC4F5E8}.Debug|Any CPU.Build.0 = Debug|Any CPU
		{9F190320-E10A-4F20-84B4-44D31EC4F5E8}.Release|Any CPU.ActiveCfg = Release|Any CPU
		{9F190320-E10A-4F20-84B4-44D31EC4F5E8}.Release|Any CPU.Build.0 = Release|Any CPU
		{9F190320-E10A-4F20-84B4-44D31EC4F5E8}.Test|Any CPU.ActiveCfg = Release|Any CPU
		{9F190320-E10A-4F20-84B4-44D31EC4F5E8}.Test|Any CPU.Build.0 = Release|Any CPU
		{25757CC7-393D-4400-8E92-16233ECF4039}.Debug|Any CPU.ActiveCfg = Debug|Any CPU
		{25757CC7-393D-4400-8E92-16233ECF4039}.Debug|Any CPU.Build.0 = Debug|Any CPU
		{25757CC7-393D-4400-8E92-16233ECF4039}.Release|Any CPU.ActiveCfg = Release|Any CPU
		{25757CC7-393D-4400-8E92-16233ECF4039}.Release|Any CPU.Build.0 = Release|Any CPU
		{25757CC7-393D-4400-8E92-16233ECF4039}.Test|Any CPU.ActiveCfg = Release|Any CPU
		{25757CC7-393D-4400-8E92-16233ECF4039}.Test|Any CPU.Build.0 = Release|Any CPU
		{C88C7319-DFC0-451D-91FE-E5FEC3A7DA1A}.Debug|Any CPU.ActiveCfg = Debug|Any CPU
		{C88C7319-DFC0-451D-91FE-E5FEC3A7DA1A}.Debug|Any CPU.Build.0 = Debug|Any CPU
		{C88C7319-DFC0-451D-91FE-E5FEC3A7DA1A}.Release|Any CPU.ActiveCfg = Release|Any CPU
		{C88C7319-DFC0-451D-91FE-E5FEC3A7DA1A}.Release|Any CPU.Build.0 = Release|Any CPU
		{C88C7319-DFC0-451D-91FE-E5FEC3A7DA1A}.Test|Any CPU.ActiveCfg = Release|Any CPU
		{C88C7319-DFC0-451D-91FE-E5FEC3A7DA1A}.Test|Any CPU.Build.0 = Release|Any CPU
		{FDAAA769-320A-4184-A82A-005AA394EDFA}.Debug|Any CPU.ActiveCfg = Debug|Any CPU
		{FDAAA769-320A-4184-A82A-005AA394EDFA}.Debug|Any CPU.Build.0 = Debug|Any CPU
		{FDAAA769-320A-4184-A82A-005AA394EDFA}.Release|Any CPU.ActiveCfg = Release|Any CPU
		{FDAAA769-320A-4184-A82A-005AA394EDFA}.Release|Any CPU.Build.0 = Release|Any CPU
		{FDAAA769-320A-4184-A82A-005AA394EDFA}.Test|Any CPU.ActiveCfg = Release|Any CPU
		{FDAAA769-320A-4184-A82A-005AA394EDFA}.Test|Any CPU.Build.0 = Release|Any CPU
	EndGlobalSection
	GlobalSection(SolutionProperties) = preSolution
		HideSolutionNode = FALSE
	EndGlobalSection
	GlobalSection(NestedProjects) = preSolution
		{78A47E83-0EDA-4B8B-8D21-E769F52D9DA5} = {3B59E564-EEE8-40EC-85ED-FC5F221F0588}
		{A35C48FB-0869-4893-A929-14B6C68795AA} = {3B59E564-EEE8-40EC-85ED-FC5F221F0588}
		{CDB5FCDE-7B4E-4745-A9DF-00955B2DA3E6} = {3B59E564-EEE8-40EC-85ED-FC5F221F0588}
		{5BF84023-0AE9-4247-8F40-9ED2706CC081} = {C2F288AD-66AB-436D-8DA8-F9117B6224A6}
		{79A0B35D-8AA0-477B-96F4-91B2FEA1F30D} = {C2F288AD-66AB-436D-8DA8-F9117B6224A6}
		{9C373E2D-D461-47B4-A7EA-65F009ADC0DB} = {C2F288AD-66AB-436D-8DA8-F9117B6224A6}
		{C2D56921-5222-4D6D-8C41-A259FFCD6245} = {C2F288AD-66AB-436D-8DA8-F9117B6224A6}
		{25758256-3308-42CD-8697-BCF58615E447} = {C2F288AD-66AB-436D-8DA8-F9117B6224A6}
		{BFEED0C0-9D2D-4C1B-8101-13D712E6E6FB} = {C2F288AD-66AB-436D-8DA8-F9117B6224A6}
		{B4B057C4-75A1-4CCD-93ED-09F554D8660F} = {C2F288AD-66AB-436D-8DA8-F9117B6224A6}
		{B39F95FE-581D-4C22-8E91-6B0F36CD792E} = {8905E9BE-186D-42D5-9696-0E3DBB70E0D9}
		{3983BF32-EB5B-4B1A-AD8C-5CE3A26F8271} = {8905E9BE-186D-42D5-9696-0E3DBB70E0D9}
		{43F68218-0064-466E-B654-37F3D79241F2} = {5BF84023-0AE9-4247-8F40-9ED2706CC081}
		{2090A106-A350-415A-8728-A930EF9DFAB7} = {5BF84023-0AE9-4247-8F40-9ED2706CC081}
		{0C869D5B-A6B1-4C7E-BEFF-E4563F5F40BA} = {79A0B35D-8AA0-477B-96F4-91B2FEA1F30D}
		{E67CD5BC-08F8-441A-A1F2-CC06C87E2AAA} = {9C373E2D-D461-47B4-A7EA-65F009ADC0DB}
		{3B0BF377-5DB3-4B88-A6DA-984C83E55CE1} = {9C373E2D-D461-47B4-A7EA-65F009ADC0DB}
		{BC8B0EE8-4A50-473F-9FD3-2F432707751B} = {C2D56921-5222-4D6D-8C41-A259FFCD6245}
		{F88E180B-4C64-4B45-9FE0-717322B567FA} = {C2D56921-5222-4D6D-8C41-A259FFCD6245}
		{E0C6B24A-DB28-44F9-9C33-666ACDAC8AD9} = {C2D56921-5222-4D6D-8C41-A259FFCD6245}
		{72EBBDC7-A5C2-4A3F-9A16-4B048387479E} = {C2D56921-5222-4D6D-8C41-A259FFCD6245}
		{31DFBD90-FAE3-40E0-A8F1-EBBDE2194383} = {D2D1600F-DD81-4676-93F8-88DC8FF8911F}
		{63AA0774-54AC-4CD0-BDE9-0FC21573F425} = {D2D1600F-DD81-4676-93F8-88DC8FF8911F}
		{F1ACB69A-F77C-4C8A-8C74-B59F1CC85717} = {31DFBD90-FAE3-40E0-A8F1-EBBDE2194383}
		{75017C03-AB25-47E4-9B54-B37BDFC65882} = {25758256-3308-42CD-8697-BCF58615E447}
		{CA13D371-4A42-4D19-B351-D32D3B7DE97D} = {25758256-3308-42CD-8697-BCF58615E447}
		{D35A7205-2532-4637-8609-074891483EA5} = {25758256-3308-42CD-8697-BCF58615E447}
		{CECE0394-6BDE-4C82-A836-689DE8089273} = {BFEED0C0-9D2D-4C1B-8101-13D712E6E6FB}
		{9F190320-E10A-4F20-84B4-44D31EC4F5E8} = {BFEED0C0-9D2D-4C1B-8101-13D712E6E6FB}
		{25757CC7-393D-4400-8E92-16233ECF4039} = {BFEED0C0-9D2D-4C1B-8101-13D712E6E6FB}
	EndGlobalSection
EndGlobal
